
Microsoft Visual Studio Solution File, Format Version 12.00
# Visual Studio 15
VisualStudioVersion = 15.0.28307.960
MinimumVisualStudioVersion = 10.0.40219.1
Project("{FAE04EC0-301F-11D3-BF4B-00C04F79EFBC}") = "Controller Wrapper", "Controller Wrapper\Controller Wrapper.csproj", "{239EF6BC-B5F0-471F-BC5F-FCC69BEBE640}"
EndProject
Project("{FAE04EC0-301F-11D3-BF4B-00C04F79EFBC}") = "ControllerTest", "ControllerTest\ControllerTest.csproj", "{9499FFEC-A0F0-44F9-938C-1038A8C3F0DC}"
EndProject
Global
	GlobalSection(SolutionConfigurationPlatforms) = preSolution
		Debug|Any CPU = Debug|Any CPU
		Release|Any CPU = Release|Any CPU
	EndGlobalSection
	GlobalSection(ProjectConfigurationPlatforms) = postSolution
		{239EF6BC-B5F0-471F-BC5F-FCC69BEBE640}.Debug|Any CPU.ActiveCfg = Debug|Any CPU
		{239EF6BC-B5F0-471F-BC5F-FCC69BEBE640}.Debug|Any CPU.Build.0 = Debug|Any CPU
		{239EF6BC-B5F0-471F-BC5F-FCC69BEBE640}.Release|Any CPU.ActiveCfg = Release|Any CPU
		{239EF6BC-B5F0-471F-BC5F-FCC69BEBE640}.Release|Any CPU.Build.0 = Release|Any CPU
		{9499FFEC-A0F0-44F9-938C-1038A8C3F0DC}.Debug|Any CPU.ActiveCfg = Debug|Any CPU
		{9499FFEC-A0F0-44F9-938C-1038A8C3F0DC}.Debug|Any CPU.Build.0 = Debug|Any CPU
		{9499FFEC-A0F0-44F9-938C-1038A8C3F0DC}.Release|Any CPU.ActiveCfg = Release|Any CPU
		{9499FFEC-A0F0-44F9-938C-1038A8C3F0DC}.Release|Any CPU.Build.0 = Release|Any CPU
	EndGlobalSection
	GlobalSection(SolutionProperties) = preSolution
		HideSolutionNode = FALSE
	EndGlobalSection
	GlobalSection(ExtensibilityGlobals) = postSolution
		SolutionGuid = {9993C8B8-43C8-4768-A76E-083C76C95C50}
	EndGlobalSection
EndGlobal
